
Microsoft Visual Studio Solution File, Format Version 12.00
# Visual Studio Version 17
VisualStudioVersion = 17.8.34309.116
MinimumVisualStudioVersion = 10.0.40219.1
Project("{2150E333-8FDC-42A3-9474-1A3956D46DE8}") = "ApiQueues", "ApiQueues", "{74B46320-A180-4F49-BDED-E53DD4630331}"
EndProject
Project("{2150E333-8FDC-42A3-9474-1A3956D46DE8}") = "Domain", "Domain", "{9E402927-FB00-4F32-926D-C4FC40CA5C91}"
EndProject
Project("{9A19103F-16F7-4668-BE54-9A1E7A4F7556}") = "MicroQueue.Domain.Core", "Queues\MicroQueue.Domain.Core\MicroQueue.Domain.Core.csproj", "{AE8E71B9-79AA-462C-939A-44D3E974DEF0}"
EndProject
Project("{2150E333-8FDC-42A3-9474-1A3956D46DE8}") = "Infra.Bus", "Infra.Bus", "{A24D9F9B-C75B-4183-9B49-BFA2EAB78153}"
EndProject
Project("{9A19103F-16F7-4668-BE54-9A1E7A4F7556}") = "MicroQueue.Infra.Bus", "Queues\MicroQueue.Infra.Bus\MicroQueue.Infra.Bus.csproj", "{82988E06-DEE9-41F8-B233-B4A28B51464A}"
EndProject
Project("{2150E333-8FDC-42A3-9474-1A3956D46DE8}") = "Microservices", "Microservices", "{BCDA03F2-85B0-4A61-9F6C-BDB5FE6C3248}"
EndProject
Project("{9A19103F-16F7-4668-BE54-9A1E7A4F7556}") = "MicroQueue.Infra.IoC", "Queues\MicroQueue.Infra.IoC\MicroQueue.Infra.IoC.csproj", "{C59FDAAB-D692-4649-8694-2E162B25E749}"
EndProject
Project("{2150E333-8FDC-42A3-9474-1A3956D46DE8}") = "Infra.IoC", "Infra.IoC", "{1C1FC841-A820-46AE-BC37-8AD2E823EE2B}"
EndProject
Project("{2150E333-8FDC-42A3-9474-1A3956D46DE8}") = "Consumer", "Consumer", "{BD452983-E4CD-43BE-8F76-1C48BA00C7F7}"
EndProject
Project("{2150E333-8FDC-42A3-9474-1A3956D46DE8}") = "Publisher", "Publisher", "{4E932210-1AB3-4517-8610-98C509527343}"
EndProject
Project("{2150E333-8FDC-42A3-9474-1A3956D46DE8}") = "Api", "Api", "{E0BE0FB1-FEE4-48B9-BC2D-523CAA3EECF2}"
EndProject
Project("{9A19103F-16F7-4668-BE54-9A1E7A4F7556}") = "PublisherQueueApi", "Queues\MicroQueue.Publisher.Api\PublisherQueueApi.csproj", "{0878A9F6-D665-44C7-A5E4-0A3262CBD745}"
EndProject
Project("{2150E333-8FDC-42A3-9474-1A3956D46DE8}") = "Application", "Application", "{FD737BC5-1AC6-410E-90C5-34B40F369B08}"
EndProject
Project("{9A19103F-16F7-4668-BE54-9A1E7A4F7556}") = "MicroQueue.Publisher.Application", "Queues\MicroQueue.Publisher.Application\MicroQueue.Publisher.Application.csproj", "{706D840A-A351-4C18-8D49-9BC27EC1B0A6}"
EndProject
Project("{2150E333-8FDC-42A3-9474-1A3956D46DE8}") = "Domain", "Domain", "{16E7BCC4-1EC3-4C28-AF8B-27E511194D0B}"
EndProject
Project("{9A19103F-16F7-4668-BE54-9A1E7A4F7556}") = "MicroQueue.Publisher.Domain", "Queues\MicroQueue.Publisher.Domain\MicroQueue.Publisher.Domain.csproj", "{663CC7F6-AE0D-4432-936A-EBC4FA5153B1}"
EndProject
Project("{2150E333-8FDC-42A3-9474-1A3956D46DE8}") = "Api", "Api", "{BDED4608-5DA2-431B-945E-960ADE7060C7}"
EndProject
Project("{9A19103F-16F7-4668-BE54-9A1E7A4F7556}") = "ConsumerQueueApi", "Queues\MicroQueue.Consumer.Api\ConsumerQueueApi.csproj", "{9BFB9A0E-0CB3-409D-8AF8-96F083FAAD3B}"
EndProject
Project("{2150E333-8FDC-42A3-9474-1A3956D46DE8}") = "Application", "Application", "{34C525B3-344A-4BF1-A57A-191EB91D6207}"
EndProject
Project("{9A19103F-16F7-4668-BE54-9A1E7A4F7556}") = "MicroQueue.Consumer.Application", "Queues\MicroQueue.Consumer.Application\MicroQueue.Consumer.Application.csproj", "{206F4496-AB07-4133-801D-FAC42B295FD6}"
EndProject
Project("{2150E333-8FDC-42A3-9474-1A3956D46DE8}") = "Domain", "Domain", "{1F78350D-4939-4412-88B2-EF37E8C0D672}"
EndProject
Project("{9A19103F-16F7-4668-BE54-9A1E7A4F7556}") = "MicroQueue.Consumer.Domain", "Queues\MicroQueue.Consumer.Domain\MicroQueue.Consumer.Domain.csproj", "{793EFB6E-E9C4-4EDE-8028-96B3300412F2}"
EndProject
Project("{2150E333-8FDC-42A3-9474-1A3956D46DE8}") = "Solution Items", "Solution Items", "{95619A1E-21A0-4D02-B38A-27207A16C6EC}"
	ProjectSection(SolutionItems) = preProject
		Directory.build.props = Directory.build.props
	EndProjectSection
EndProject
Global
	GlobalSection(SolutionConfigurationPlatforms) = preSolution
		Debug|Any CPU = Debug|Any CPU
		Release|Any CPU = Release|Any CPU
	EndGlobalSection
	GlobalSection(ProjectConfigurationPlatforms) = postSolution
		{AE8E71B9-79AA-462C-939A-44D3E974DEF0}.Debug|Any CPU.ActiveCfg = Debug|Any CPU
		{AE8E71B9-79AA-462C-939A-44D3E974DEF0}.Debug|Any CPU.Build.0 = Debug|Any CPU
		{AE8E71B9-79AA-462C-939A-44D3E974DEF0}.Release|Any CPU.ActiveCfg = Release|Any CPU
		{AE8E71B9-79AA-462C-939A-44D3E974DEF0}.Release|Any CPU.Build.0 = Release|Any CPU
		{82988E06-DEE9-41F8-B233-B4A28B51464A}.Debug|Any CPU.ActiveCfg = Debug|Any CPU
		{82988E06-DEE9-41F8-B233-B4A28B51464A}.Debug|Any CPU.Build.0 = Debug|Any CPU
		{82988E06-DEE9-41F8-B233-B4A28B51464A}.Release|Any CPU.ActiveCfg = Release|Any CPU
		{82988E06-DEE9-41F8-B233-B4A28B51464A}.Release|Any CPU.Build.0 = Release|Any CPU
		{C59FDAAB-D692-4649-8694-2E162B25E749}.Debug|Any CPU.ActiveCfg = Debug|Any CPU
		{C59FDAAB-D692-4649-8694-2E162B25E749}.Debug|Any CPU.Build.0 = Debug|Any CPU
		{C59FDAAB-D692-4649-8694-2E162B25E749}.Release|Any CPU.ActiveCfg = Release|Any CPU
		{C59FDAAB-D692-4649-8694-2E162B25E749}.Release|Any CPU.Build.0 = Release|Any CPU
		{0878A9F6-D665-44C7-A5E4-0A3262CBD745}.Debug|Any CPU.ActiveCfg = Debug|Any CPU
		{0878A9F6-D665-44C7-A5E4-0A3262CBD745}.Debug|Any CPU.Build.0 = Debug|Any CPU
		{0878A9F6-D665-44C7-A5E4-0A3262CBD745}.Release|Any CPU.ActiveCfg = Release|Any CPU
		{0878A9F6-D665-44C7-A5E4-0A3262CBD745}.Release|Any CPU.Build.0 = Release|Any CPU
		{706D840A-A351-4C18-8D49-9BC27EC1B0A6}.Debug|Any CPU.ActiveCfg = Debug|Any CPU
		{706D840A-A351-4C18-8D49-9BC27EC1B0A6}.Debug|Any CPU.Build.0 = Debug|Any CPU
		{706D840A-A351-4C18-8D49-9BC27EC1B0A6}.Release|Any CPU.ActiveCfg = Release|Any CPU
		{706D840A-A351-4C18-8D49-9BC27EC1B0A6}.Release|Any CPU.Build.0 = Release|Any CPU
		{663CC7F6-AE0D-4432-936A-EBC4FA5153B1}.Debug|Any CPU.ActiveCfg = Debug|Any CPU
		{663CC7F6-AE0D-4432-936A-EBC4FA5153B1}.Debug|Any CPU.Build.0 = Debug|Any CPU
		{663CC7F6-AE0D-4432-936A-EBC4FA5153B1}.Release|Any CPU.ActiveCfg = Release|Any CPU
		{663CC7F6-AE0D-4432-936A-EBC4FA5153B1}.Release|Any CPU.Build.0 = Release|Any CPU
		{9BFB9A0E-0CB3-409D-8AF8-96F083FAAD3B}.Debug|Any CPU.ActiveCfg = Debug|Any CPU
		{9BFB9A0E-0CB3-409D-8AF8-96F083FAAD3B}.Debug|Any CPU.Build.0 = Debug|Any CPU
		{9BFB9A0E-0CB3-409D-8AF8-96F083FAAD3B}.Release|Any CPU.ActiveCfg = Release|Any CPU
		{9BFB9A0E-0CB3-409D-8AF8-96F083FAAD3B}.Release|Any CPU.Build.0 = Release|Any CPU
		{206F4496-AB07-4133-801D-FAC42B295FD6}.Debug|Any CPU.ActiveCfg = Debug|Any CPU
		{206F4496-AB07-4133-801D-FAC42B295FD6}.Debug|Any CPU.Build.0 = Debug|Any CPU
		{206F4496-AB07-4133-801D-FAC42B295FD6}.Release|Any CPU.ActiveCfg = Release|Any CPU
		{206F4496-AB07-4133-801D-FAC42B295FD6}.Release|Any CPU.Build.0 = Release|Any CPU
		{793EFB6E-E9C4-4EDE-8028-96B3300412F2}.Debug|Any CPU.ActiveCfg = Debug|Any CPU
		{793EFB6E-E9C4-4EDE-8028-96B3300412F2}.Debug|Any CPU.Build.0 = Debug|Any CPU
		{793EFB6E-E9C4-4EDE-8028-96B3300412F2}.Release|Any CPU.ActiveCfg = Release|Any CPU
		{793EFB6E-E9C4-4EDE-8028-96B3300412F2}.Release|Any CPU.Build.0 = Release|Any CPU
	EndGlobalSection
	GlobalSection(SolutionProperties) = preSolution
		HideSolutionNode = FALSE
	EndGlobalSection
	GlobalSection(NestedProjects) = preSolution
		{9E402927-FB00-4F32-926D-C4FC40CA5C91} = {74B46320-A180-4F49-BDED-E53DD4630331}
		{AE8E71B9-79AA-462C-939A-44D3E974DEF0} = {9E402927-FB00-4F32-926D-C4FC40CA5C91}
		{A24D9F9B-C75B-4183-9B49-BFA2EAB78153} = {74B46320-A180-4F49-BDED-E53DD4630331}
		{82988E06-DEE9-41F8-B233-B4A28B51464A} = {A24D9F9B-C75B-4183-9B49-BFA2EAB78153}
		{BCDA03F2-85B0-4A61-9F6C-BDB5FE6C3248} = {74B46320-A180-4F49-BDED-E53DD4630331}
		{C59FDAAB-D692-4649-8694-2E162B25E749} = {1C1FC841-A820-46AE-BC37-8AD2E823EE2B}
		{1C1FC841-A820-46AE-BC37-8AD2E823EE2B} = {74B46320-A180-4F49-BDED-E53DD4630331}
		{BD452983-E4CD-43BE-8F76-1C48BA00C7F7} = {BCDA03F2-85B0-4A61-9F6C-BDB5FE6C3248}
		{4E932210-1AB3-4517-8610-98C509527343} = {BCDA03F2-85B0-4A61-9F6C-BDB5FE6C3248}
		{E0BE0FB1-FEE4-48B9-BC2D-523CAA3EECF2} = {4E932210-1AB3-4517-8610-98C509527343}
		{0878A9F6-D665-44C7-A5E4-0A3262CBD745} = {E0BE0FB1-FEE4-48B9-BC2D-523CAA3EECF2}
		{FD737BC5-1AC6-410E-90C5-34B40F369B08} = {4E932210-1AB3-4517-8610-98C509527343}
		{706D840A-A351-4C18-8D49-9BC27EC1B0A6} = {FD737BC5-1AC6-410E-90C5-34B40F369B08}
		{16E7BCC4-1EC3-4C28-AF8B-27E511194D0B} = {4E932210-1AB3-4517-8610-98C509527343}
		{663CC7F6-AE0D-4432-936A-EBC4FA5153B1} = {16E7BCC4-1EC3-4C28-AF8B-27E511194D0B}
		{BDED4608-5DA2-431B-945E-960ADE7060C7} = {BD452983-E4CD-43BE-8F76-1C48BA00C7F7}
		{9BFB9A0E-0CB3-409D-8AF8-96F083FAAD3B} = {BDED4608-5DA2-431B-945E-960ADE7060C7}
		{34C525B3-344A-4BF1-A57A-191EB91D6207} = {BD452983-E4CD-43BE-8F76-1C48BA00C7F7}
		{206F4496-AB07-4133-801D-FAC42B295FD6} = {34C525B3-344A-4BF1-A57A-191EB91D6207}
		{1F78350D-4939-4412-88B2-EF37E8C0D672} = {BD452983-E4CD-43BE-8F76-1C48BA00C7F7}
		{793EFB6E-E9C4-4EDE-8028-96B3300412F2} = {1F78350D-4939-4412-88B2-EF37E8C0D672}
	EndGlobalSection
	GlobalSection(ExtensibilityGlobals) = postSolution
		SolutionGuid = {B760DD17-EBEE-4B2D-A12D-A57D94857F2A}
	EndGlobalSection
EndGlobal
